// !$*UTF8*$!
{
	archiveVersion = 1;
	classes = {
	};
	objectVersion = 56;
	objects = {

/* Begin PBXBuildFile section */
		606A47952C76F45100FBC004 /* AppDelegate.swift in Sources */ = {isa = PBXBuildFile; fileRef = 606A47942C76F45100FBC004 /* AppDelegate.swift */; };
		606A47972C76F45100FBC004 /* SceneDelegate.swift in Sources */ = {isa = PBXBuildFile; fileRef = 606A47962C76F45100FBC004 /* SceneDelegate.swift */; };
		606A47992C76F45100FBC004 /* ViewController.swift in Sources */ = {isa = PBXBuildFile; fileRef = 606A47982C76F45100FBC004 /* ViewController.swift */; };
		606A479C2C76F45100FBC004 /* Base in Resources */ = {isa = PBXBuildFile; fileRef = 606A479B2C76F45100FBC004 /* Base */; };
		606A479E2C76F45300FBC004 /* Assets.xcassets in Resources */ = {isa = PBXBuildFile; fileRef = 606A479D2C76F45300FBC004 /* Assets.xcassets */; };
		606A47A12C76F45300FBC004 /* Base in Resources */ = {isa = PBXBuildFile; fileRef = 606A47A02C76F45300FBC004 /* Base */; };
		606A47AC2C76F5E500FBC004 /* FaceRecogView.swift in Sources */ = {isa = PBXBuildFile; fileRef = 606A47AB2C76F5E500FBC004 /* FaceRecogView.swift */; };
		606A47AE2C76F60C00FBC004 /* QRScannerView.swift in Sources */ = {isa = PBXBuildFile; fileRef = 606A47AD2C76F60C00FBC004 /* QRScannerView.swift */; };
		606A47B02C7701F600FBC004 /* FaceRotation.swift in Sources */ = {isa = PBXBuildFile; fileRef = 606A47AF2C7701F600FBC004 /* FaceRotation.swift */; };
/* End PBXBuildFile section */

/* Begin PBXFileReference section */
		606A47912C76F45100FBC004 /* privy-mini-project.app */ = {isa = PBXFileReference; explicitFileType = wrapper.application; includeInIndex = 0; path = "privy-mini-project.app"; sourceTree = BUILT_PRODUCTS_DIR; };
		606A47942C76F45100FBC004 /* AppDelegate.swift */ = {isa = PBXFileReference; lastKnownFileType = sourcecode.swift; path = AppDelegate.swift; sourceTree = "<group>"; };
		606A47962C76F45100FBC004 /* SceneDelegate.swift */ = {isa = PBXFileReference; lastKnownFileType = sourcecode.swift; path = SceneDelegate.swift; sourceTree = "<group>"; };
		606A47982C76F45100FBC004 /* ViewController.swift */ = {isa = PBXFileReference; lastKnownFileType = sourcecode.swift; path = ViewController.swift; sourceTree = "<group>"; };
		606A479B2C76F45100FBC004 /* Base */ = {isa = PBXFileReference; lastKnownFileType = file.storyboard; name = Base; path = Base.lproj/Main.storyboard; sourceTree = "<group>"; };
		606A479D2C76F45300FBC004 /* Assets.xcassets */ = {isa = PBXFileReference; lastKnownFileType = folder.assetcatalog; path = Assets.xcassets; sourceTree = "<group>"; };
		606A47A02C76F45300FBC004 /* Base */ = {isa = PBXFileReference; lastKnownFileType = file.storyboard; name = Base; path = Base.lproj/LaunchScreen.storyboard; sourceTree = "<group>"; };
		606A47A22C76F45300FBC004 /* Info.plist */ = {isa = PBXFileReference; lastKnownFileType = text.plist.xml; path = Info.plist; sourceTree = "<group>"; };
		606A47AB2C76F5E500FBC004 /* FaceRecogView.swift */ = {isa = PBXFileReference; lastKnownFileType = sourcecode.swift; path = FaceRecogView.swift; sourceTree = "<group>"; };
		606A47AD2C76F60C00FBC004 /* QRScannerView.swift */ = {isa = PBXFileReference; lastKnownFileType = sourcecode.swift; path = QRScannerView.swift; sourceTree = "<group>"; };
		606A47AF2C7701F600FBC004 /* FaceRotation.swift */ = {isa = PBXFileReference; lastKnownFileType = sourcecode.swift; path = FaceRotation.swift; sourceTree = "<group>"; };
/* End PBXFileReference section */

/* Begin PBXFrameworksBuildPhase section */
		606A478E2C76F45100FBC004 /* Frameworks */ = {
			isa = PBXFrameworksBuildPhase;
			buildActionMask = 2147483647;
			files = (
			);
			runOnlyForDeploymentPostprocessing = 0;
		};
/* End PBXFrameworksBuildPhase section */

/* Begin PBXGroup section */
		606A47882C76F45100FBC004 = {
			isa = PBXGroup;
			children = (
				606A47932C76F45100FBC004 /* privy-mini-project */,
				606A47922C76F45100FBC004 /* Products */,
			);
			sourceTree = "<group>";
		};
		606A47922C76F45100FBC004 /* Products */ = {
			isa = PBXGroup;
			children = (
				606A47912C76F45100FBC004 /* privy-mini-project.app */,
			);
			name = Products;
			sourceTree = "<group>";
		};
		606A47932C76F45100FBC004 /* privy-mini-project */ = {
			isa = PBXGroup;
			children = (
				606A47A82C76F5CE00FBC004 /* Screen */,
				606A47942C76F45100FBC004 /* AppDelegate.swift */,
				606A47962C76F45100FBC004 /* SceneDelegate.swift */,
				606A47982C76F45100FBC004 /* ViewController.swift */,
				606A479A2C76F45100FBC004 /* Main.storyboard */,
				606A479D2C76F45300FBC004 /* Assets.xcassets */,
				606A479F2C76F45300FBC004 /* LaunchScreen.storyboard */,
				606A47A22C76F45300FBC004 /* Info.plist */,
			);
			path = "privy-mini-project";
			sourceTree = "<group>";
		};
		606A47A82C76F5CE00FBC004 /* Screen */ = {
			isa = PBXGroup;
			children = (
				606A47AA2C76F5D800FBC004 /* QRScanner */,
				606A47A92C76F5D400FBC004 /* FaceRecog */,
			);
			path = Screen;
			sourceTree = "<group>";
		};
		606A47A92C76F5D400FBC004 /* FaceRecog */ = {
			isa = PBXGroup;
			children = (
				606A47AB2C76F5E500FBC004 /* FaceRecogView.swift */,
				606A47AF2C7701F600FBC004 /* FaceRotation.swift */,
			);
			path = FaceRecog;
			sourceTree = "<group>";
		};
		606A47AA2C76F5D800FBC004 /* QRScanner */ = {
			isa = PBXGroup;
			children = (
				606A47AD2C76F60C00FBC004 /* QRScannerView.swift */,
			);
			path = QRScanner;
			sourceTree = "<group>";
		};
/* End PBXGroup section */

/* Begin PBXNativeTarget section */
		606A47902C76F45100FBC004 /* privy-mini-project */ = {
			isa = PBXNativeTarget;
			buildConfigurationList = 606A47A52C76F45300FBC004 /* Build configuration list for PBXNativeTarget "privy-mini-project" */;
			buildPhases = (
				606A478D2C76F45100FBC004 /* Sources */,
				606A478E2C76F45100FBC004 /* Frameworks */,
				606A478F2C76F45100FBC004 /* Resources */,
			);
			buildRules = (
			);
			dependencies = (
			);
			name = "privy-mini-project";
			productName = "privy-mini-project";
			productReference = 606A47912C76F45100FBC004 /* privy-mini-project.app */;
			productType = "com.apple.product-type.application";
		};
/* End PBXNativeTarget section */

/* Begin PBXProject section */
		606A47892C76F45100FBC004 /* Project object */ = {
			isa = PBXProject;
			attributes = {
				BuildIndependentTargetsInParallel = 1;
				LastSwiftUpdateCheck = 1540;
				LastUpgradeCheck = 1540;
				TargetAttributes = {
					606A47902C76F45100FBC004 = {
						CreatedOnToolsVersion = 15.4;
					};
				};
			};
			buildConfigurationList = 606A478C2C76F45100FBC004 /* Build configuration list for PBXProject "privy-mini-project" */;
			compatibilityVersion = "Xcode 14.0";
			developmentRegion = en;
			hasScannedForEncodings = 0;
			knownRegions = (
				en,
				Base,
			);
			mainGroup = 606A47882C76F45100FBC004;
			productRefGroup = 606A47922C76F45100FBC004 /* Products */;
			projectDirPath = "";
			projectRoot = "";
			targets = (
				606A47902C76F45100FBC004 /* privy-mini-project */,
			);
		};
/* End PBXProject section */

/* Begin PBXResourcesBuildPhase section */
		606A478F2C76F45100FBC004 /* Resources */ = {
			isa = PBXResourcesBuildPhase;
			buildActionMask = 2147483647;
			files = (
				606A479E2C76F45300FBC004 /* Assets.xcassets in Resources */,
				606A47A12C76F45300FBC004 /* Base in Resources */,
				606A479C2C76F45100FBC004 /* Base in Resources */,
			);
			runOnlyForDeploymentPostprocessing = 0;
		};
/* End PBXResourcesBuildPhase section */

/* Begin PBXSourcesBuildPhase section */
		606A478D2C76F45100FBC004 /* Sources */ = {
			isa = PBXSourcesBuildPhase;
			buildActionMask = 2147483647;
			files = (
				606A47AC2C76F5E500FBC004 /* FaceRecogView.swift in Sources */,
				606A47992C76F45100FBC004 /* ViewController.swift in Sources */,
				606A47B02C7701F600FBC004 /* FaceRotation.swift in Sources */,
				606A47952C76F45100FBC004 /* AppDelegate.swift in Sources */,
				606A47972C76F45100FBC004 /* SceneDelegate.swift in Sources */,
				606A47AE2C76F60C00FBC004 /* QRScannerView.swift in Sources */,
			);
			runOnlyForDeploymentPostprocessing = 0;
		};
/* End PBXSourcesBuildPhase section */

/* Begin PBXVariantGroup section */
		606A479A2C76F45100FBC004 /* Main.storyboard */ = {
			isa = PBXVariantGroup;
			children = (
				606A479B2C76F45100FBC004 /* Base */,
			);
			name = Main.storyboard;
			sourceTree = "<group>";
		};
		606A479F2C76F45300FBC004 /* LaunchScreen.storyboard */ = {
			isa = PBXVariantGroup;
			children = (
				606A47A02C76F45300FBC004 /* Base */,
			);
			name = LaunchScreen.storyboard;
			sourceTree = "<group>";
		};
/* End PBXVariantGroup section */

/* Begin XCBuildConfiguration section */
		606A47A32C76F45300FBC004 /* Debug */ = {
			isa = XCBuildConfiguration;
			buildSettings = {
				ALWAYS_SEARCH_USER_PATHS = NO;
				ASSETCATALOG_COMPILER_GENERATE_SWIFT_ASSET_SYMBOL_EXTENSIONS = YES;
				CLANG_ANALYZER_NONNULL = YES;
				CLANG_ANALYZER_NUMBER_OBJECT_CONVERSION = YES_AGGRESSIVE;
				CLANG_CXX_LANGUAGE_STANDARD = "gnu++20";
				CLANG_ENABLE_MODULES = YES;
				CLANG_ENABLE_OBJC_ARC = YES;
				CLANG_ENABLE_OBJC_WEAK = YES;
				CLANG_WARN_BLOCK_CAPTURE_AUTORELEASING = YES;
				CLANG_WARN_BOOL_CONVERSION = YES;
				CLANG_WARN_COMMA = YES;
				CLANG_WARN_CONSTANT_CONVERSION = YES;
				CLANG_WARN_DEPRECATED_OBJC_IMPLEMENTATIONS = YES;
				CLANG_WARN_DIRECT_OBJC_ISA_USAGE = YES_ERROR;
				CLANG_WARN_DOCUMENTATION_COMMENTS = YES;
				CLANG_WARN_EMPTY_BODY = YES;
				CLANG_WARN_ENUM_CONVERSION = YES;
				CLANG_WARN_INFINITE_RECURSION = YES;
				CLANG_WARN_INT_CONVERSION = YES;
				CLANG_WARN_NON_LITERAL_NULL_CONVERSION = YES;
				CLANG_WARN_OBJC_IMPLICIT_RETAIN_SELF = YES;
				CLANG_WARN_OBJC_LITERAL_CONVERSION = YES;
				CLANG_WARN_OBJC_ROOT_CLASS = YES_ERROR;
				CLANG_WARN_QUOTED_INCLUDE_IN_FRAMEWORK_HEADER = YES;
				CLANG_WARN_RANGE_LOOP_ANALYSIS = YES;
				CLANG_WARN_STRICT_PROTOTYPES = YES;
				CLANG_WARN_SUSPICIOUS_MOVE = YES;
				CLANG_WARN_UNGUARDED_AVAILABILITY = YES_AGGRESSIVE;
				CLANG_WARN_UNREACHABLE_CODE = YES;
				CLANG_WARN__DUPLICATE_METHOD_MATCH = YES;
				COPY_PHASE_STRIP = NO;
				DEBUG_INFORMATION_FORMAT = dwarf;
				ENABLE_STRICT_OBJC_MSGSEND = YES;
				ENABLE_TESTABILITY = YES;
				ENABLE_USER_SCRIPT_SANDBOXING = YES;
				GCC_C_LANGUAGE_STANDARD = gnu17;
				GCC_DYNAMIC_NO_PIC = NO;
				GCC_NO_COMMON_BLOCKS = YES;
				GCC_OPTIMIZATION_LEVEL = 0;
				GCC_PREPROCESSOR_DEFINITIONS = (
					"DEBUG=1",
					"$(inherited)",
				);
				GCC_WARN_64_TO_32_BIT_CONVERSION = YES;
				GCC_WARN_ABOUT_RETURN_TYPE = YES_ERROR;
				GCC_WARN_UNDECLARED_SELECTOR = YES;
				GCC_WARN_UNINITIALIZED_AUTOS = YES_AGGRESSIVE;
				GCC_WARN_UNUSED_FUNCTION = YES;
				GCC_WARN_UNUSED_VARIABLE = YES;
				IPHONEOS_DEPLOYMENT_TARGET = 17.5;
				LOCALIZATION_PREFERS_STRING_CATALOGS = YES;
				MTL_ENABLE_DEBUG_INFO = INCLUDE_SOURCE;
				MTL_FAST_MATH = YES;
				ONLY_ACTIVE_ARCH = YES;
				SDKROOT = iphoneos;
				SWIFT_ACTIVE_COMPILATION_CONDITIONS = "DEBUG $(inherited)";
				SWIFT_OPTIMIZATION_LEVEL = "-Onone";
			};
			name = Debug;
		};
		606A47A42C76F45300FBC004 /* Release */ = {
			isa = XCBuildConfiguration;
			buildSettings = {
				ALWAYS_SEARCH_USER_PATHS = NO;
				ASSETCATALOG_COMPILER_GENERATE_SWIFT_ASSET_SYMBOL_EXTENSIONS = YES;
				CLANG_ANALYZER_NONNULL = YES;
				CLANG_ANALYZER_NUMBER_OBJECT_CONVERSION = YES_AGGRESSIVE;
				CLANG_CXX_LANGUAGE_STANDARD = "gnu++20";
				CLANG_ENABLE_MODULES = YES;
				CLANG_ENABLE_OBJC_ARC = YES;
				CLANG_ENABLE_OBJC_WEAK = YES;
				CLANG_WARN_BLOCK_CAPTURE_AUTORELEASING = YES;
				CLANG_WARN_BOOL_CONVERSION = YES;
				CLANG_WARN_COMMA = YES;
				CLANG_WARN_CONSTANT_CONVERSION = YES;
				CLANG_WARN_DEPRECATED_OBJC_IMPLEMENTATIONS = YES;
				CLANG_WARN_DIRECT_OBJC_ISA_USAGE = YES_ERROR;
				CLANG_WARN_DOCUMENTATION_COMMENTS = YES;
				CLANG_WARN_EMPTY_BODY = YES;
				CLANG_WARN_ENUM_CONVERSION = YES;
				CLANG_WARN_INFINITE_RECURSION = YES;
				CLANG_WARN_INT_CONVERSION = YES;
				CLANG_WARN_NON_LITERAL_NULL_CONVERSION = YES;
				CLANG_WARN_OBJC_IMPLICIT_RETAIN_SELF = YES;
				CLANG_WARN_OBJC_LITERAL_CONVERSION = YES;
				CLANG_WARN_OBJC_ROOT_CLASS = YES_ERROR;
				CLANG_WARN_QUOTED_INCLUDE_IN_FRAMEWORK_HEADER = YES;
				CLANG_WARN_RANGE_LOOP_ANALYSIS = YES;
				CLANG_WARN_STRICT_PROTOTYPES = YES;
				CLANG_WARN_SUSPICIOUS_MOVE = YES;
				CLANG_WARN_UNGUARDED_AVAILABILITY = YES_AGGRESSIVE;
				CLANG_WARN_UNREACHABLE_CODE = YES;
				CLANG_WARN__DUPLICATE_METHOD_MATCH = YES;
				COPY_PHASE_STRIP = NO;
				DEBUG_INFORMATION_FORMAT = "dwarf-with-dsym";
				ENABLE_NS_ASSERTIONS = NO;
				ENABLE_STRICT_OBJC_MSGSEND = YES;
				ENABLE_USER_SCRIPT_SANDBOXING = YES;
				GCC_C_LANGUAGE_STANDARD = gnu17;
				GCC_NO_COMMON_BLOCKS = YES;
				GCC_WARN_64_TO_32_BIT_CONVERSION = YES;
				GCC_WARN_ABOUT_RETURN_TYPE = YES_ERROR;
				GCC_WARN_UNDECLARED_SELECTOR = YES;
				GCC_WARN_UNINITIALIZED_AUTOS = YES_AGGRESSIVE;
				GCC_WARN_UNUSED_FUNCTION = YES;
				GCC_WARN_UNUSED_VARIABLE = YES;
				IPHONEOS_DEPLOYMENT_TARGET = 17.5;
				LOCALIZATION_PREFERS_STRING_CATALOGS = YES;
				MTL_ENABLE_DEBUG_INFO = NO;
				MTL_FAST_MATH = YES;
				SDKROOT = iphoneos;
				SWIFT_COMPILATION_MODE = wholemodule;
				VALIDATE_PRODUCT = YES;
			};
			name = Release;
		};
		606A47A62C76F45300FBC004 /* Debug */ = {
			isa = XCBuildConfiguration;
			buildSettings = {
				ASSETCATALOG_COMPILER_APPICON_NAME = AppIcon;
				ASSETCATALOG_COMPILER_GLOBAL_ACCENT_COLOR_NAME = AccentColor;
				CODE_SIGN_STYLE = Automatic;
				CURRENT_PROJECT_VERSION = 1;
				DEVELOPMENT_TEAM = NUP9G5V5V5;
				GENERATE_INFOPLIST_FILE = YES;
				INFOPLIST_FILE = "privy-mini-project/Info.plist";
				INFOPLIST_KEY_UIApplicationSupportsIndirectInputEvents = YES;
				INFOPLIST_KEY_UILaunchStoryboardName = LaunchScreen;
				INFOPLIST_KEY_UIMainStoryboardFile = Main;
				INFOPLIST_KEY_UISupportedInterfaceOrientations_iPad = "UIInterfaceOrientationPortrait UIInterfaceOrientationPortraitUpsideDown UIInterfaceOrientationLandscapeLeft UIInterfaceOrientationLandscapeRight";
				INFOPLIST_KEY_UISupportedInterfaceOrientations_iPhone = "UIInterfaceOrientationPortrait UIInterfaceOrientationLandscapeLeft UIInterfaceOrientationLandscapeRight";
				IPHONEOS_DEPLOYMENT_TARGET = 17.0;
				LD_RUNPATH_SEARCH_PATHS = (
					"$(inherited)",
					"@executable_path/Frameworks",
				);
				MARKETING_VERSION = 1.0;
				PRODUCT_BUNDLE_IDENTIFIER = "leowirasanto.privy-mini-project";
				PRODUCT_NAME = "$(TARGET_NAME)";
				SUPPORTED_PLATFORMS = "iphoneos iphonesimulator";
				SUPPORTS_MACCATALYST = NO;
				SUPPORTS_MAC_DESIGNED_FOR_IPHONE_IPAD = NO;
				SUPPORTS_XR_DESIGNED_FOR_IPHONE_IPAD = NO;
				SWIFT_EMIT_LOC_STRINGS = YES;
				SWIFT_VERSION = 5.0;
				TARGETED_DEVICE_FAMILY = 1;
			};
			name = Debug;
		};
		606A47A72C76F45300FBC004 /* Release */ = {
			isa = XCBuildConfiguration;
			buildSettings = {
				ASSETCATALOG_COMPILER_APPICON_NAME = AppIcon;
				ASSETCATALOG_COMPILER_GLOBAL_ACCENT_COLOR_NAME = AccentColor;
				CODE_SIGN_STYLE = Automatic;
				CURRENT_PROJECT_VERSION = 1;
				DEVELOPMENT_TEAM = NUP9G5V5V5;
				GENERATE_INFOPLIST_FILE = YES;
				INFOPLIST_FILE = "privy-mini-project/Info.plist";
				INFOPLIST_KEY_UIApplicationSupportsIndirectInputEvents = YES;
				INFOPLIST_KEY_UILaunchStoryboardName = LaunchScreen;
				INFOPLIST_KEY_UIMainStoryboardFile = Main;
				INFOPLIST_KEY_UISupportedInterfaceOrientations_iPad = "UIInterfaceOrientationPortrait UIInterfaceOrientationPortraitUpsideDown UIInterfaceOrientationLandscapeLeft UIInterfaceOrientationLandscapeRight";
				INFOPLIST_KEY_UISupportedInterfaceOrientations_iPhone = "UIInterfaceOrientationPortrait UIInterfaceOrientationLandscapeLeft UIInterfaceOrientationLandscapeRight";
				IPHONEOS_DEPLOYMENT_TARGET = 17.0;
				LD_RUNPATH_SEARCH_PATHS = (
					"$(inherited)",
					"@executable_path/Frameworks",
				);
				MARKETING_VERSION = 1.0;
				PRODUCT_BUNDLE_IDENTIFIER = "leowirasanto.privy-mini-project";
				PRODUCT_NAME = "$(TARGET_NAME)";
				SUPPORTED_PLATFORMS = "iphoneos iphonesimulator";
				SUPPORTS_MACCATALYST = NO;
				SUPPORTS_MAC_DESIGNED_FOR_IPHONE_IPAD = NO;
				SUPPORTS_XR_DESIGNED_FOR_IPHONE_IPAD = NO;
				SWIFT_EMIT_LOC_STRINGS = YES;
				SWIFT_VERSION = 5.0;
				TARGETED_DEVICE_FAMILY = 1;
			};
			name = Release;
		};
/* End XCBuildConfiguration section */

/* Begin XCConfigurationList section */
		606A478C2C76F45100FBC004 /* Build configuration list for PBXProject "privy-mini-project" */ = {
			isa = XCConfigurationList;
			buildConfigurations = (
				606A47A32C76F45300FBC004 /* Debug */,
				606A47A42C76F45300FBC004 /* Release */,
			);
			defaultConfigurationIsVisible = 0;
			defaultConfigurationName = Release;
		};
		606A47A52C76F45300FBC004 /* Build configuration list for PBXNativeTarget "privy-mini-project" */ = {
			isa = XCConfigurationList;
			buildConfigurations = (
				606A47A62C76F45300FBC004 /* Debug */,
				606A47A72C76F45300FBC004 /* Release */,
			);
			defaultConfigurationIsVisible = 0;
			defaultConfigurationName = Release;
		};
/* End XCConfigurationList section */
	};
	rootObject = 606A47892C76F45100FBC004 /* Project object */;
}
